
Microsoft Visual Studio Solution File, Format Version 12.00
Project("{FAE04EC0-301F-11D3-BF4B-00C04F79EFBC}") = "TebexMinecraft.Modelos", "TebexMinecraft.Modelos\TebexMinecraft.Modelos.csproj", "{B05E9637-426B-4D30-95BB-F7C8518DFE08}"
EndProject
Project("{FAE04EC0-301F-11D3-BF4B-00C04F79EFBC}") = "TebexMinecraft.API", "TebexMinecraft.API\TebexMinecraft.API.csproj", "{FB9E720C-1A3A-4B42-BF3C-A734017258B2}"
EndProject
Project("{FAE04EC0-301F-11D3-BF4B-00C04F79EFBC}") = "TebexMinecraft.MVC", "TebexMinecraft.MVC\TebexMinecraft.MVC.csproj", "{DEBDCFFD-19DD-4783-A269-DF54F3084CF0}"
EndProject
Project("{FAE04EC0-301F-11D3-BF4B-00C04F79EFBC}") = "TebexMinecraft.Consumer", "TebexMinecraft.Consumer\TebexMinecraft.Consumer.csproj", "{1CA3FABB-813B-4A65-979E-8D9BC99D8DE7}"
EndProject
Global
	GlobalSection(SolutionConfigurationPlatforms) = preSolution
		Debug|Any CPU = Debug|Any CPU
		Release|Any CPU = Release|Any CPU
	EndGlobalSection
	GlobalSection(ProjectConfigurationPlatforms) = postSolution
		{B05E9637-426B-4D30-95BB-F7C8518DFE08}.Debug|Any CPU.ActiveCfg = Debug|Any CPU
		{B05E9637-426B-4D30-95BB-F7C8518DFE08}.Debug|Any CPU.Build.0 = Debug|Any CPU
		{B05E9637-426B-4D30-95BB-F7C8518DFE08}.Release|Any CPU.ActiveCfg = Release|Any CPU
		{B05E9637-426B-4D30-95BB-F7C8518DFE08}.Release|Any CPU.Build.0 = Release|Any CPU
		{FB9E720C-1A3A-4B42-BF3C-A734017258B2}.Debug|Any CPU.ActiveCfg = Debug|Any CPU
		{FB9E720C-1A3A-4B42-BF3C-A734017258B2}.Debug|Any CPU.Build.0 = Debug|Any CPU
		{FB9E720C-1A3A-4B42-BF3C-A734017258B2}.Release|Any CPU.ActiveCfg = Release|Any CPU
		{FB9E720C-1A3A-4B42-BF3C-A734017258B2}.Release|Any CPU.Build.0 = Release|Any CPU
		{DEBDCFFD-19DD-4783-A269-DF54F3084CF0}.Debug|Any CPU.ActiveCfg = Debug|Any CPU
		{DEBDCFFD-19DD-4783-A269-DF54F3084CF0}.Debug|Any CPU.Build.0 = Debug|Any CPU
		{DEBDCFFD-19DD-4783-A269-DF54F3084CF0}.Release|Any CPU.ActiveCfg = Release|Any CPU
		{DEBDCFFD-19DD-4783-A269-DF54F3084CF0}.Release|Any CPU.Build.0 = Release|Any CPU
		{1CA3FABB-813B-4A65-979E-8D9BC99D8DE7}.Debug|Any CPU.ActiveCfg = Debug|Any CPU
		{1CA3FABB-813B-4A65-979E-8D9BC99D8DE7}.Debug|Any CPU.Build.0 = Debug|Any CPU
		{1CA3FABB-813B-4A65-979E-8D9BC99D8DE7}.Release|Any CPU.ActiveCfg = Release|Any CPU
		{1CA3FABB-813B-4A65-979E-8D9BC99D8DE7}.Release|Any CPU.Build.0 = Release|Any CPU
	EndGlobalSection
EndGlobal
